
Microsoft Visual Studio Solution File, Format Version 12.00
# Visual Studio 2012
Project("{FAE04EC0-301F-11D3-BF4B-00C04F79EFBC}") = "ca_Estacionamento", "ca_Estacionamento\ca_Estacionamento.csproj", "{213BBF2F-FDED-4A28-8182-1B48C9063F63}"
EndProject
Global
	GlobalSection(SolutionConfigurationPlatforms) = preSolution
		Debug|x86 = Debug|x86
		Release|x86 = Release|x86
	EndGlobalSection
	GlobalSection(ProjectConfigurationPlatforms) = postSolution
		{213BBF2F-FDED-4A28-8182-1B48C9063F63}.Debug|x86.ActiveCfg = Debug|x86
		{213BBF2F-FDED-4A28-8182-1B48C9063F63}.Debug|x86.Build.0 = Debug|x86
		{213BBF2F-FDED-4A28-8182-1B48C9063F63}.Release|x86.ActiveCfg = Release|x86
		{213BBF2F-FDED-4A28-8182-1B48C9063F63}.Release|x86.Build.0 = Release|x86
	EndGlobalSection
EndGlobal
