
Microsoft Visual Studio Solution File, Format Version 12.00
# Visual Studio 15
VisualStudioVersion = 15.0.27428.2027
MinimumVisualStudioVersion = 10.0.40219.1
Project("{FAE04EC0-301F-11D3-BF4B-00C04F79EFBC}") = "Vetor3D", "Vetor3D\Vetor3D.csproj", "{84912905-E6FF-4733-9608-7C448CB4A640}"
EndProject
Global
	GlobalSection(SolutionConfigurationPlatforms) = preSolution
		Debug|Any CPU = Debug|Any CPU
		Release|Any CPU = Release|Any CPU
	EndGlobalSection
	GlobalSection(ProjectConfigurationPlatforms) = postSolution
		{84912905-E6FF-4733-9608-7C448CB4A640}.Debug|Any CPU.ActiveCfg = Debug|Any CPU
		{84912905-E6FF-4733-9608-7C448CB4A640}.Debug|Any CPU.Build.0 = Debug|Any CPU
		{84912905-E6FF-4733-9608-7C448CB4A640}.Release|Any CPU.ActiveCfg = Release|Any CPU
		{84912905-E6FF-4733-9608-7C448CB4A640}.Release|Any CPU.Build.0 = Release|Any CPU
	EndGlobalSection
	GlobalSection(SolutionProperties) = preSolution
		HideSolutionNode = FALSE
	EndGlobalSection
	GlobalSection(ExtensibilityGlobals) = postSolution
		SolutionGuid = {893D349F-22F8-40B8-9AD8-81E6F76DB15C}
	EndGlobalSection
EndGlobal
